
Microsoft Visual Studio Solution File, Format Version 12.00
# Visual Studio Version 16
VisualStudioVersion = 16.0.29326.143
MinimumVisualStudioVersion = 10.0.40219.1
Project("{FAE04EC0-301F-11D3-BF4B-00C04F79EFBC}") = "GUI-Treeview-CatiaAnbindung", "GUI-Treeview-CatiaAnbindung\GUI-Treeview-CatiaAnbindung.csproj", "{27A28FFB-A2F1-44EE-AC75-2D68CA8A6E3C}"
EndProject
Global
	GlobalSection(SolutionConfigurationPlatforms) = preSolution
		Debug|Any CPU = Debug|Any CPU
		Release|Any CPU = Release|Any CPU
	EndGlobalSection
	GlobalSection(ProjectConfigurationPlatforms) = postSolution
		{27A28FFB-A2F1-44EE-AC75-2D68CA8A6E3C}.Debug|Any CPU.ActiveCfg = Debug|Any CPU
		{27A28FFB-A2F1-44EE-AC75-2D68CA8A6E3C}.Debug|Any CPU.Build.0 = Debug|Any CPU
		{27A28FFB-A2F1-44EE-AC75-2D68CA8A6E3C}.Release|Any CPU.ActiveCfg = Release|Any CPU
		{27A28FFB-A2F1-44EE-AC75-2D68CA8A6E3C}.Release|Any CPU.Build.0 = Release|Any CPU
	EndGlobalSection
	GlobalSection(SolutionProperties) = preSolution
		HideSolutionNode = FALSE
	EndGlobalSection
	GlobalSection(ExtensibilityGlobals) = postSolution
		SolutionGuid = {8CE4101A-C031-4361-8927-4DB5A3463A7E}
	EndGlobalSection
EndGlobal
